lockfileVersion: '9.0'

settings:
  autoInstallPeers: true
  excludeLinksFromLockfile: false

importers:

  .:
    devDependencies:
      '@biomejs/biome':
        specifier: ^2.5.6
        version: 2.5.6
      '@types/node':
        specifier: ^24.13.3
        version: 24.13.3
      esbuild:
        specifier: ^0.28.1
        version: 0.28.1
      husky:
        specifier: ^9.1.7
        version: 9.1.7
      lint-staged:
        specifier: ^17.2.0
        version: 17.2.0
      prettier:
        specifier: ^3.9.6
        version: 3.9.6
      tsdown:
        specifier: 0.22.14
        version: 0.22.14(typescript@6.0.3)(unrun@0.2.37)
      typescript:
        specifier: ^6.0.3
        version: 6.0.3

packages:

  '@biomejs/biome@2.5.6':
    resolution: {integrity: sha512-lxVNjv7UF6KfhMJfL9gaUHbWdJdHbsAj6OSmwSYNdhRuG67NxNQ4Xdvh3TUxsSK9sBzJBQhEJj3AopmmNJ5pSA==}
    engines: {node: '>=14.21.3'}
    hasBin: true

  '@biomejs/cli-darwin-arm64@2.5.6':
    resolution: {integrity: sha512-zMOLZP4oMrjh6m1zcSj1ud2awUPgTuMVbmQhYYWL7J8HwCnbHHBvTm7VBTRuY7epT5bez76IpKYQ11ZAqHFlnw==}
    engines: {node: '>=14.21.3'}
    cpu: [arm64]
    os: [darwin]

  '@biomejs/cli-darwin-x64@2.5.6':
    resolution: {integrity: sha512-JAC1VqzvO7Th5ZplU0G2uGfkZbxEe9uDDektPAhF0JLusoz1w+T4okp2bkykI0bbaO2vslKiRfj4gU43JaGreA==}
    engines: {node: '>=14.21.3'}
    cpu: [x64]
    os: [darwin]

  '@biomejs/cli-linux-arm64-musl@2.5.6':
    resolution: {integrity: sha512-eUa3jeeYvfMt19LBeh6E5PUZpxnTC4JqNWo+EDjTtQjAr2xLGnWaxACtVU1DQqmHYbvThlJzLX+ZsYgrqh2qVw==}
    engines: {node: '>=14.21.3'}
    cpu: [arm64]
    os: [linux]
    libc: [musl]

  '@biomejs/cli-linux-arm64@2.5.6':
    resolution: {integrity: sha512-6XsYwCFkp5sMxl85ffhgeGpGgs6A7dRYFnkceZ7WVxvycuTnGdD5xa534Z3xfrBQ0JCMK/mujT6ZNPJoghedwg==}
    engines: {node: '>=14.21.3'}
    cpu: [arm64]
    os: [linux]
    libc: [glibc]

  '@biomejs/cli-linux-x64-musl@2.5.6':
    resolution: {integrity: sha512-2Vp13QdKysH3HIWLaYLhUUwbK+jbZonJD1K+Lr0d0RO4wH7mkYd43vJixEDm8cUWrowoRz4UUHF1nm9Ae7ym8A==}
    engines: {node: '>=14.21.3'}
    cpu: [x64]
    os: [linux]
    libc: [musl]

  '@biomejs/cli-linux-x64@2.5.6':
    resolution: {integrity: sha512-Pop9VXCFUhFTMfFefZ39S+u2rOPyNp5iHlxbZRwXGACHLy2r0jjiRgJHmaEKJzL3SyxlVeGShXhvvElvWowonA==}
    engines: {node: '>=14.21.3'}
    cpu: [x64]
    os: [linux]
    libc: [glibc]

  '@biomejs/cli-win32-arm64@2.5.6':
    resolution: {integrity: sha512-tDGshcm6BdkZOCGnTDX0Y8/U4IfBSlnUU7T56nNDuPEfed+aHg+u8G36NB43fJVl0Os6+QURXIE1yuD7AaEofA==}
    engines: {node: '>=14.21.3'}
    cpu: [arm64]
    os: [win32]

  '@biomejs/cli-win32-x64@2.5.6':
    resolution: {integrity: sha512-WN05KwXnTO/2J45RQPvzZMXf7tZUIofHoR35xIPfCo7pQ2RFidxI8sfb5mGsaTxdMmEOzHzOPRCdA5/fCpc7xQ==}
    engines: {node: '>=14.21.3'}
    cpu: [x64]
    os: [win32]

  '@emnapi/core@1.10.0':
    resolution: {integrity: sha512-yq6OkJ4p82CAfPl0u9mQebQHKPJkY7WrIuk205cTYnYe+k2Z8YBh11FrbRG/H6ihirqcacOgl2BIO8oyMQLeXw==}

  '@emnapi/core@2.0.0-alpha.3':
    resolution: {integrity: sha512-AZypUeJ/yByuxyS7BlSNRDOMLMlROYtjYdIAuBmJssVz1UJDSeYxLrdizhXCFYhedC5bqd/ASy8EuNXbVVXp9g==}

  '@emnapi/runtime@1.10.0':
    resolution: {integrity: sha512-ewvYlk86xUoGI0zQRNq/mC+16R1QeDlKQy21Ki3oSYXNgLb45GV1P6A0M+/s6nyCuNDqe5VpaY84BzXGwVbwFA==}

  '@emnapi/runtime@2.0.0-alpha.3':
    resolution: {integrity: sha512-hFPAhMUjJD9BSyCANEISPOogeXC9Zo9ZQl7L6vKnaVsMkCtzznaW/naYypeyl0Gv5rYfWYsZbpixTMpjDJzQeA==}

  '@emnapi/wasi-threads@1.2.1':
    resolution: {integrity: sha512-uTII7OYF+/Mes/MrcIOYp5yOtSMLBWSIoLPpcgwipoiKbli6k322tcoFsxoIIxPDqW01SQGAgko4EzZi2BNv2w==}

  '@emnapi/wasi-threads@2.0.1':
    resolution: {integrity: sha512-9DsSk+o5NBX0CCJT8s0EROGSGxjR/tKu6aBTaVyq+SjAEQH4XcdcRxPBRzsBLizTTJ49MJjF+jgu3qnO9GLQcQ==}

  '@esbuild/aix-ppc64@0.28.1':
    resolution: {integrity: sha512-Svl7tq8k/08+p6CXPpRjQ1fKX+1odH/BQbb48fV6fj3CWHhsoIOoY87w1oHXm0qEpkIK3ZfVgp0hed3XBXzXMQ==}
    engines: {node: '>=18'}
    cpu: [ppc64]
    os: [aix]

  '@esbuild/android-arm64@0.28.1':
    resolution: {integrity: sha512-34EGEbCIAgosYz6goLcopX6Mo7NyGv9tfwEM2/7Ce2VcVRk568iSvniGWcUXIy7wEDR1wzolcxcriFVrWYcwBg==}
    engines: {node: '>=18'}
    cpu: [arm64]
    os: [android]

  '@esbuild/android-arm@0.28.1':
    resolution: {integrity: sha512-0k2F129Xdio1TdJfzJ8sy1Q47vUD2NnwdhiAf7drUN1EBTfPf4hsFCtmMgu/6m8JSzsBrlmVjudMBQqOfG8usQ==}
    engines: {node: '>=18'}
    cpu: [arm]
    os: [android]

  '@esbuild/android-x64@0.28.1':
    resolution: {integrity: sha512-dbwY7ltSMDWsRatcRpCnES4F+im88OCUgGZjy52shC7GqHRE/cYlxNbB4Z4UpJswpcc4Qxd2oE/ufM0p61IKng==}
    engines: {node: '>=18'}
    cpu: [x64]
    os: [android]

  '@esbuild/darwin-arm64@0.28.1':
    resolution: {integrity: sha512-TZbWkQY7kvTAXbXUT7uVACR5cMHsDiSz9z7ZKAX/RTq/WJEk3QyRr0wZpNhBDX+/0CtdqUIJlOiodQcta6tY3Q==}
    engines: {node: '>=18'}
    cpu: [arm64]
    os: [darwin]

  '@esbuild/darwin-x64@0.28.1':
    resolution: {integrity: sha512-zfdzgK9ACBNZLI/CyHTOx81SyNbM6YXn7rxSgX97VjyiPl9W1i4Ka4fgKECEoFCKGpvBj5qArWIGgQjOwkgskQ==}
    engines: {node: '>=18'}
    cpu: [x64]
    os: [darwin]

  '@esbuild/freebsd-arm64@0.28.1':
    resolution: {integrity: sha512-wG2EA8ENdEI0qhkSZMjfqrdY+ziCYCPMmtZjjIwOmXFjmyzEHn+UUxk5of+SYsjtfs3VpnlC7QLzSI5hY/rOAw==}
    engines: {node: '>=18'}
    cpu: [arm64]
    os: [freebsd]

  '@esbuild/freebsd-x64@0.28.1':
    resolution: {integrity: sha512-i7dZ9vQgnvSCzi/rYCXNgtF/U+eKZNJBzu3eTQbRgHnM7tNSizLOkRFAl3qzVc/Op/u5YkHHa4pf/3DOYHthLQ==}
    engines: {node: '>=18'}
    cpu: [x64]
    os: [freebsd]

  '@esbuild/linux-arm64@0.28.1':
    resolution: {integrity: sha512-yHs+0uc8+nvEAfAfxrWQKK5peSNzBc4PegcMO0EJ2hT71uA7vB8Ihg2e77R2P7SG5uYjPbHlLLmve4LLLRCf0g==}
    engines: {node: '>=18'}
    cpu: [arm64]
    os: [linux]

  '@esbuild/linux-arm@0.28.1':
    resolution: {integrity: sha512-qVXBOHQS+d5Y722GwJzJUtOLlX7km3CraOaGormF1pDtPd2C/l1SHRPgjLunLGe51Sh5YYWKMFDyV4SxgMQYTQ==}
    engines: {node: '>=18'}
    cpu: [arm]
    os: [linux]

  '@esbuild/linux-ia32@0.28.1':
    resolution: {integrity: sha512-d1z4ZuP0ajrfz/FhGT4vv278rX8KnPPJx8i5+AtK7TYbx9Le9F1hyzurZpkEyjkGa9dUGhQow4C1NmeGvqxN2w==}
    engines: {node: '>=18'}
    cpu: [ia32]
    os: [linux]

  '@esbuild/linux-loong64@0.28.1':
    resolution: {integrity: sha512-M5sRjUVZrkm1OAPR3dlOYzNmN+loZKGVi1VUQGrwuqLcbR6qeAz+famMhjASeH3YVKvZz+zT1jlh/keC3Rj/lg==}
    engines: {node: '>=18'}
    cpu: [loong64]
    os: [linux]

  '@esbuild/linux-mips64el@0.28.1':
    resolution: {integrity: sha512-mRObBZeHh2OxcBFPWE/FjylkRgZdYuiTR3vaTozquCGOH14iP9oN4x4Ge81CoIDYQrXmIxpFumJBu5MtZpnQJQ==}
    engines: {node: '>=18'}
    cpu: [mips64el]
    os: [linux]

  '@esbuild/linux-ppc64@0.28.1':
    resolution: {integrity: sha512-slScBsMAb3GFDcdrCgLwZtPYRoH2H/youv10QiZyRjmsP48fznoveWytSgCI/R0ZcUgpc0ZhIUEx6LHts8yrfQ==}
    engines: {node: '>=18'}
    cpu: [ppc64]
    os: [linux]

  '@esbuild/linux-riscv64@0.28.1':
    resolution: {integrity: sha512-kw0owk1o0GFETUJyW0jc0G4Yzs0BHZn0JDZ8JRT088vjJYX777BAs1fDGxAC+q831qOs2DTC96mNsG2opdfyyQ==}
    engines: {node: '>=18'}
    cpu: [riscv64]
    os: [linux]

  '@esbuild/linux-s390x@0.28.1':
    resolution: {integrity: sha512-/lAIjX8aYFRByhh6L5rYtPEDRqa9de/4V/juOXcta5frjvzXO4/sqEtyytse0g3zZFuWu5cDN0MkLz2qRDD2Ag==}
    engines: {node: '>=18'}
    cpu: [s390x]
    os: [linux]

  '@esbuild/linux-x64@0.28.1':
    resolution: {integrity: sha512-u/anNYF2mmVOEDwLtnQ1wOr3EZ9sTNGLWrsYGYwHWzGA3Si84IOkHXlbWTD1NB+9/1lcnweYKO54uhxZydNzfA==}
    engines: {node: '>=18'}
    cpu: [x64]
    os: [linux]

  '@esbuild/netbsd-arm64@0.28.1':
    resolution: {integrity: sha512-oks0DYbLwWMmaakTsCb+zL4E+aHRVLom9IJZOAthMQEPiQmydXHkziYEsGYRx0uNV/IjEKGAV941JzH02pflqw==}
    engines: {node: '>=18'}
    cpu: [arm64]
    os: [netbsd]

  '@esbuild/netbsd-x64@0.28.1':
    resolution: {integrity: sha512-aeL6lAnN89Hz43Mlh1G8ARasbuoYvSITDEx0tHh5b7jJnHcssqgjy9Yx430GDpmCa6OyrKoS0aNRjKundRizGg==}
    engines: {node: '>=18'}
    cpu: [x64]
    os: [netbsd]

  '@esbuild/openbsd-arm64@0.28.1':
    resolution: {integrity: sha512-MEFJe5C3R8pwXdZ5Y21oo6m7ePiS0d9pWucn99O/wvyJZChoIQKrQDxKrGeW8F5+T0okTHesAmDeiHDTIq0V/Q==}
    engines: {node: '>=18'}
    cpu: [arm64]
    os: [openbsd]

  '@esbuild/openbsd-x64@0.28.1':
    resolution: {integrity: sha512-i/ZLIOafE0Z8cI/XANJAixoJL/uRAoS2xOA3rb0xN+KK0K177cMAsQYkzHtBrtMXAKuAc7HGgcWiZ/sRC1Nxgw==}
    engines: {node: '>=18'}
    cpu: [x64]
    os: [openbsd]

  '@esbuild/openharmony-arm64@0.28.1':
    resolution: {integrity: sha512-ge+Z7EXFNt2BO1oAMsVpiQ8EwndV9i1xXerAeTIK7AtPs3bKFXQM7nlRxDSIUIMeueR1CNXxqztLzdNeReKBJg==}
    engines: {node: '>=18'}
    cpu: [arm64]
    os: [openharmony]

  '@esbuild/sunos-x64@0.28.1':
    resolution: {integrity: sha512-BEjgtECkL3vY+SaSQ6nzVfiALUeFxpawyp8Jmf5PtYhf1Ug40N1h/hxlhts+f1FvSvarEigdxS3BlSMI2PJLcQ==}
    engines: {node: '>=18'}
    cpu: [x64]
    os: [sunos]

  '@esbuild/win32-arm64@0.28.1':
    resolution: {integrity: sha512-lCv9eK/H6ZJWbE7bh2nw54CZ9M2nupBxJcTsdk/QQnWkdSjKGuxmmH8/GWrlT1eMmZfn4dGcCjRte397WqfQXA==}
    engines: {node: '>=18'}
    cpu: [arm64]
    os: [win32]

  '@esbuild/win32-ia32@0.28.1':
    resolution: {integrity: sha512-zvb/mB2bSCoJOpoCBgYKKpX6YM6mJBlBUVUtVj41DlZJVEB6/0CKlRYxP5wWl1C1ILiCoAU5wZZ4q1P3qeS6Eg==}
    engines: {node: '>=18'}
    cpu: [ia32]
    os: [win32]

  '@esbuild/win32-x64@0.28.1':
    resolution: {integrity: sha512-bm4Mowrv+GXMlpWX++EcXw/iLyd1o3+bJkC2DkWXYVvgZCqD/bSj9ctZeAMC3cIxgjRVR2Dufaiu4YPxr5gW1A==}
    engines: {node: '>=18'}
    cpu: [x64]
    os: [win32]

  '@napi-rs/wasm-runtime@1.2.2':
    resolution: {integrity: sha512-JfB4kuJQjaoHuCTseIINHtHWeJnvgEcxjwA5t/Y00ZgaOO1Crz3fjT/p8kT28zA/Caz7oiUMn3d6H2yOVCVwuw==}
    engines: {node: ^20.19.0 || ^22.13.0 || >=23.5.0}
    peerDependencies:
      '@emnapi/core': ^1.7.1 || ^2.0.0-alpha.3
      '@emnapi/runtime': ^1.7.1 || ^2.0.0-alpha.3

  '@oxc-project/types@0.127.0':
    resolution: {integrity: sha512-aIYXQBo4lCbO4z0R3FHeucQHpF46l2LbMdxRvqvuRuW2OxdnSkcng5B8+K12spgLDj93rtN3+J2Vac/TIO+ciQ==}

  '@oxc-project/types@0.142.0':
    resolution: {integrity: sha512-7W+2q5AKQVU36fkaryontrHn3YDt1RyUYXatw9i5H8ocYe2sPKSFB6eS8WNPeRKiN1qAWWZUPm7gwFzJGrccqQ==}

  '@quansync/fs@1.0.0':
    resolution: {integrity: sha512-4TJ3DFtlf1L5LDMaM6CanJ/0lckGNtJcMjQ1NAV6zDmA0tEHKZtxNKin8EgPaVX1YzljbxckyT2tJrpQKAtngQ==}

  '@rolldown/binding-android-arm64@1.0.0-rc.17':
    resolution: {integrity: sha512-s70pVGhw4zqGeFnXWvAzJDlvxhlRollagdCCKRgOsgUOH3N1l0LIxf83AtGzmb5SiVM4Hjl5HyarMRfdfj3DaQ==}
    engines: {node: ^20.19.0 || >=22.12.0}
    cpu: [arm64]
    os: [android]

  '@rolldown/binding-android-arm64@1.2.1':
    resolution: {integrity: sha512-02hOeOSryYxVrOIphmLAsqnCJWxwlzFk+pEt/N/i6OgT3lShHO7xGCU5cpgchRDHboAEbSjzgGh+O/u1GswQmA==}
    engines: {node: ^20.19.0 || >=22.12.0}
    cpu: [arm64]
    os: [android]

  '@rolldown/binding-darwin-arm64@1.0.0-rc.17':
    resolution: {integrity: sha512-4ksWc9n0mhlZpZ9PMZgTGjeOPRu8MB1Z3Tz0Mo02eWfWCHMW1zN82Qz/pL/rC+yQa+8ZnutMF0JjJe7PjwasYw==}
    engines: {node: ^20.19.0 || >=22.12.0}
    cpu: [arm64]
    os: [darwin]

  '@rolldown/binding-darwin-arm64@1.2.1':
    resolution: {integrity: sha512-fMsTOnN0OjFm3CyppWPitKnc8UlliVARUULW6cfU6AIqjdtgmSFWSk9vecHzZduv/yMWIHDlRhM1e8Iff9uAfA==}
    engines: {node: ^20.19.0 || >=22.12.0}
    cpu: [arm64]
    os: [darwin]

  '@rolldown/binding-darwin-x64@1.0.0-rc.17':
    resolution: {integrity: sha512-SUSDOI6WwUVNcWxd02QEBjLdY1VPHvlEkw6T/8nYG322iYWCTxRb1vzk4E+mWWYehTp7ERibq54LSJGjmouOsw==}
    engines: {node: ^20.19.0 || >=22.12.0}
    cpu: [x64]
    os: [darwin]

  '@rolldown/binding-darwin-x64@1.2.1':
    resolution: {integrity: sha512-1wjKdz/XLGKHaTNHjQveQ/B23TKx4ItAqm1JbyVuvNPc4Ze0Fb48s49TAd/2zcplPl8okE/UbTgmlVfwT7eFeQ==}
    engines: {node: ^20.19.0 || >=22.12.0}
    cpu: [x64]
    os: [darwin]

  '@rolldown/binding-freebsd-x64@1.0.0-rc.17':
    resolution: {integrity: sha512-hwnz3nw9dbJ05EDO/PvcjaaewqqDy7Y1rn1UO81l8iIK1GjenME75dl16ajbvSSMfv66WXSRCYKIqfgq2KCfxw==}
    engines: {node: ^20.19.0 || >=22.12.0}
    cpu: [x64]
    os: [freebsd]

  '@rolldown/binding-freebsd-x64@1.2.1':
    resolution: {integrity: sha512-Fa0jHR07E7YBN4vOEsbVf2briYNsuOowfLJaXULZM0ldMlaCaj2LJgLMbMe4iacRyZmvR8efFhgR9wKuGclQUg==}
    engines: {node: ^20.19.0 || >=22.12.0}
    cpu: [x64]
    os: [freebsd]

  '@rolldown/binding-linux-arm-gnueabihf@1.0.0-rc.17':
    resolution: {integrity: sha512-IS+W7epTcwANmFSQFrS1SivEXHtl1JtuQA9wlxrZTcNi6mx+FDOYrakGevvvTwgj2JvWiK8B29/qD9BELZPyXQ==}
    engines: {node: ^20.19.0 || >=22.12.0}
    cpu: [arm]
    os: [linux]

  '@rolldown/binding-linux-arm-gnueabihf@1.2.1':
    resolution: {integrity: sha512-pzkgu1SSHGgRRyRZ4fbmSgmajbVt+epaLP99NDjFft69v/ypfTi6swBMiVdh2EkQ0OSnHE1lZDM7DRGkyAzUpA==}
    engines: {node: ^20.19.0 || >=22.12.0}
    cpu: [arm]
    os: [linux]

  '@rolldown/binding-linux-arm64-gnu@1.0.0-rc.17':
    resolution: {integrity: sha512-e6usGaHKW5BMNZOymS1UcEYGowQMWcgZ71Z17Sl/h2+ZziNJ1a9n3Zvcz6LdRyIW5572wBCTH/Z+bKuZouGk9Q==}
    engines: {node: ^20.19.0 || >=22.12.0}
    cpu: [arm64]
    os: [linux]
    libc: [glibc]

  '@rolldown/binding-linux-arm64-gnu@1.2.1':
    resolution: {integrity: sha512-QI5SEDY8cbiYWHx0VO4vIc3UlS6a32vXHjU8Qy/17adEmZIPuByJg13UEvo9c/UCiUkdcVWY83C+b+JrwnNyUg==}
    engines: {node: ^20.19.0 || >=22.12.0}
    cpu: [arm64]
    os: [linux]
    libc: [glibc]

  '@rolldown/binding-linux-arm64-musl@1.0.0-rc.17':
    resolution: {integrity: sha512-b/CgbwAJpmrRLp02RPfhbudf5tZnN9nsPWK82znefso832etkem8H7FSZwxrOI9djcdTP7U6YfNhbRnh7djErg==}
    engines: {node: ^20.19.0 || >=22.12.0}
    cpu: [arm64]
    os: [linux]
    libc: [musl]

  '@rolldown/binding-linux-arm64-musl@1.2.1':
    resolution: {integrity: sha512-Sm41FyCeXqmYcERoYOCbGIL5hNfd8w9LQ7Y61Bev48HkcjaJqV/iiVOaiDxjVTRMS+QKrZmD8cfPt4uMVnvM+A==}
    engines: {node: ^20.19.0 || >=22.12.0}
    cpu: [arm64]
    os: [linux]
    libc: [musl]

  '@rolldown/binding-linux-ppc64-gnu@1.0.0-rc.17':
    resolution: {integrity: sha512-4EII1iNGRUN5WwGbF/kOh/EIkoDN9HsupgLQoXfY+D1oyJm7/F4t5PYU5n8SWZgG0FEwakyM8pGgwcBYruGTlA==}
    engines: {node: ^20.19.0 || >=22.12.0}
    cpu: [ppc64]
    os: [linux]
    libc: [glibc]

  '@rolldown/binding-linux-ppc64-gnu@1.2.1':
    resolution: {integrity: sha512-2x+WhXTGl9yJYPbltW/BSEPTVz9OIWQyER4N+gJEDWkkn904eRcBzELqh/Hf7K0w/ubGbKNMv0ZC+94QK/IFEg==}
    engines: {node: ^20.19.0 || >=22.12.0}
    cpu: [ppc64]
    os: [linux]
    libc: [glibc]

  '@rolldown/binding-linux-s390x-gnu@1.0.0-rc.17':
    resolution: {integrity: sha512-AH8oq3XqQo4IibpVXvPeLDI5pzkpYn0WiZAfT05kFzoJ6tQNzwRdDYQ45M8I/gslbodRZwW8uxLhbSBbkv96rA==}
    engines: {node: ^20.19.0 || >=22.12.0}
    cpu: [s390x]
    os: [linux]
    libc: [glibc]

  '@rolldown/binding-linux-s390x-gnu@1.2.1':
    resolution: {integrity: sha512-eEjmQpuRQayHPWWnywaWHkFT3ToPbP3RYy42VVd/B9aBGDA+Ol25EIWHxKQST3IiWJjikCWUF7KtbfqwZrzVwQ==}
    engines: {node: ^20.19.0 || >=22.12.0}
    cpu: [s390x]
    os: [linux]
    libc: [glibc]

  '@rolldown/binding-linux-x64-gnu@1.0.0-rc.17':
    resolution: {integrity: sha512-cLnjV3xfo7KslbU41Z7z8BH/E1y5mzUYzAqih1d1MDaIGZRCMqTijqLv76/P7fyHuvUcfGsIpqCdddbxLLK9rA==}
    engines: {node: ^20.19.0 || >=22.12.0}
    cpu: [x64]
    os: [linux]
    libc: [glibc]

  '@rolldown/binding-linux-x64-gnu@1.2.1':
    resolution: {integrity: sha512-/Orga1fZYkLc/56jBICcHrKchl8Z2UKdDSr3LG9ToWO1lQ6a4Livk9Xz+9WN91zsz5QR3XQz2NNoSDEvP6qadw==}
    engines: {node: ^20.19.0 || >=22.12.0}
    cpu: [x64]
    os: [linux]
    libc: [glibc]

  '@rolldown/binding-linux-x64-musl@1.0.0-rc.17':
    resolution: {integrity: sha512-0phclDw1spsL7dUB37sIARuis2tAgomCJXAHZlpt8PXZ4Ba0dRP1e+66lsRqrfhISeN9bEGNjQs+T/Fbd7oYGw==}
    engines: {node: ^20.19.0 || >=22.12.0}
    cpu: [x64]
    os: [linux]
    libc: [musl]

  '@rolldown/binding-linux-x64-musl@1.2.1':
    resolution: {integrity: sha512-xxBJRL+0q0Kce7orznGWLuylHDY65vuARXZRpX+hPdv+DqK2c3NlCsVA98tlWzWNEE7yPqA/1NQ5nnCrj49Y5A==}
    engines: {node: ^20.19.0 || >=22.12.0}
    cpu: [x64]
    os: [linux]
    libc: [musl]

  '@rolldown/binding-openharmony-arm64@1.0.0-rc.17':
    resolution: {integrity: sha512-0ag/hEgXOwgw4t8QyQvUCxvEg+V0KBcA6YuOx9g0r02MprutRF5dyljgm3EmR02O292UX7UeS6HzWHAl6KgyhA==}
    engines: {node: ^20.19.0 || >=22.12.0}
    cpu: [arm64]
    os: [openharmony]

  '@rolldown/binding-openharmony-arm64@1.2.1':
    resolution: {integrity: sha512-M6AdXIXw3s+/8XpKMzdGDEXGS1S7kwUsy+rcTIUIOx5Ge4nXKCtAFHFV9YKkXvGcC5WMoTjAteLzlsQROVI0Yw==}
    engines: {node: ^20.19.0 || >=22.12.0}
    cpu: [arm64]
    os: [openharmony]

  '@rolldown/binding-wasm32-wasi@1.0.0-rc.17':
    resolution: {integrity: sha512-LEXei6vo0E5wTGwpkJ4KoT3OZJRnglwldt5ziLzOlc6qqb55z4tWNq2A+PFqCJuvWWdP53CVhG1Z9NtToDPJrA==}
    engines: {node: ^20.19.0 || >=22.12.0}
    cpu: [wasm32]

  '@rolldown/binding-wasm32-wasi@1.2.1':
    resolution: {integrity: sha512-/TX0SoRGojHzSAHpfVBbavRVSazg5U3h3Y3VXfcc0cdugq6kxdqw8LPGFiPr+/7gE/60zRcsOY2Vi9b9eT0jww==}
    engines: {node: ^20.19.0 || ^22.13.0 || >=23.5.0}

  '@rolldown/binding-win32-arm64-msvc@1.0.0-rc.17':
    resolution: {integrity: sha512-gUmyzBl3SPMa6hrqFUth9sVfcLBlYsbMzBx5PlexMroZStgzGqlZ26pYG89rBb45Mnia+oil6YAIFeEWGWhoZA==}
    engines: {node: ^20.19.0 || >=22.12.0}
    cpu: [arm64]
    os: [win32]

  '@rolldown/binding-win32-arm64-msvc@1.2.1':
    resolution: {integrity: sha512-EvRrivJieyHG+AO9lleZWgq+g0+S7oV2C51yuqlcyU/R9net+sI4Pj0F+lUoP2bEr6TWX3SqFaaS0SzfLxSzkw==}
    engines: {node: ^20.19.0 || >=22.12.0}
    cpu: [arm64]
    os: [win32]

  '@rolldown/binding-win32-x64-msvc@1.0.0-rc.17':
    resolution: {integrity: sha512-3hkiolcUAvPB9FLb3UZdfjVVNWherN1f/skkGWJP/fgSQhYUZpSIRr0/I8ZK9TkF3F7kxvJAk0+IcKvPHk9qQg==}
    engines: {node: ^20.19.0 || >=22.12.0}
    cpu: [x64]
    os: [win32]

  '@rolldown/binding-win32-x64-msvc@1.2.1':
    resolution: {integrity: sha512-Z4eCmn5QJ/5+azF9knpLWKfVd9aidn0mAe9TpJgvBLId9Ax3t0+JVxBmT25Bv7NBbVW1TZyKjQjQReouMeH5UQ==}
    engines: {node: ^20.19.0 || >=22.12.0}
    cpu: [x64]
    os: [win32]

  '@rolldown/pluginutils@1.0.0-rc.17':
    resolution: {integrity: sha512-n8iosDOt6Ig1UhJ2AYqoIhHWh/isz0xpicHTzpKBeotdVsTEcxsSA/i3EVM7gQAj0rU27OLAxCjzlj15IWY7bg==}

  '@rolldown/pluginutils@1.0.1':
    resolution: {integrity: sha512-2j9bGt5Jh8hj+vPtgzPtl72j0yRxHAyumoo6TNfAjsLB04UtpSvPbPcDcBMxz7n+9CYB0c1GxQFxYRg2jimqGw==}

  '@tybys/wasm-util@0.10.3':
    resolution: {integrity: sha512-F3fo1MYrRJYL3zER0OUOmkutjr1Vp23m7OsSgp7nq4SP6OqX6C/56XFIPAl5bt3zaBRjmW7SGz3u/6LwFpYcOg==}

  '@types/node@24.13.3':
    resolution: {integrity: sha512-Dh8vAsV36ig5wa9OX4pXvMc9D3Veibfw2wix0CUwYODLD8nkj9UsLjASr49nPg+2eKzxhBV+v7L8pXvT4e639Q==}

  '@yuku-codegen/binding-darwin-arm64@0.8.1':
    resolution: {integrity: sha512-Ck0RmDBLc+R0dZpfTXmJFAvcuPf+npbJF1T/VhC9pPDGjNEOGwn4DwFcjhg//DfNIO+xgktsLSt5S4v0MFrToA==}
    cpu: [arm64]
    os: [darwin]

  '@yuku-codegen/binding-darwin-x64@0.8.1':
    resolution: {integrity: sha512-6BDLLWi8wHbCghgkajS+OeVJX2jLY9pY9HV/qH9daLP1XCyMSPssEiXjKyPiJq+St5b+zcPgMEBF8cgJDNhMMQ==}
    cpu: [x64]
    os: [darwin]

  '@yuku-codegen/binding-freebsd-x64@0.8.1':
    resolution: {integrity: sha512-Rd1PHfw2mxC8y00kWxYWDClnBC1NbSwPuq0zKLYPggE7mlOnV+eQ15futtaz/Q4BP+jOtEv9elxvP7by20h6Kw==}
    cpu: [x64]
    os: [freebsd]

  '@yuku-codegen/binding-linux-arm-gnu@0.8.1':
    resolution: {integrity: sha512-/XGncN6jQ/CwXNgWwo+XnsUmILY1q1mbS1f38XnYOHw3DOKOISxVIAlD9IsmdrHLAUAncFlgFS3ky4OO9fvjyg==}
    cpu: [arm]
    os: [linux]
    libc: [glibc]

  '@yuku-codegen/binding-linux-arm-musl@0.8.1':
    resolution: {integrity: sha512-Rxut53qx3JbTkQ8+A6I8Lrplwz55HQVCjEsTsWF1uOpfgALdvuKSMPIE0gVqefEEcOSA9ASklbNacmXwiqnaMw==}
    cpu: [arm]
    os: [linux]
    libc: [musl]

  '@yuku-codegen/binding-linux-arm64-gnu@0.8.1':
    resolution: {integrity: sha512-hBNkUPHX04BjB2oIIgIlYT2tog9x0rmBVkZep0f4LLYyFhdJfYM/s2pJ0c8ehQhhkQaJFokW4CxGhiVvVLlzWg==}
    cpu: [arm64]
    os: [linux]
    libc: [glibc]

  '@yuku-codegen/binding-linux-arm64-musl@0.8.1':
    resolution: {integrity: sha512-ePZZnmOxArA4jA3AWlJj3WdY5z1ahQSLwAYrv7mozkJVcrBz2wZgy8l9ukcHFpTxPyhxCAea4gBSZEqqsCYE3A==}
    cpu: [arm64]
    os: [linux]
    libc: [musl]

  '@yuku-codegen/binding-linux-x64-gnu@0.8.1':
    resolution: {integrity: sha512-LGAEXnQ4Xg/BtOuEirABwa9ByUTXFjealqXXAHVFb8EEmZu5QeHLtsdB2MA2IcYVAgW/QPkyqfnd80R4FltI2A==}
    cpu: [x64]
    os: [linux]
    libc: [glibc]

  '@yuku-codegen/binding-linux-x64-musl@0.8.1':
    resolution: {integrity: sha512-PPDMcQIKCNTOaLBBKh9SBM1EAPcsvnlShMAxq2D/twnSCSEUI9LfrR+G9J4P3o+46ZS4WN8mjZsj8p4PKOnKgw==}
    cpu: [x64]
    os: [linux]
    libc: [musl]

  '@yuku-codegen/binding-win32-arm64@0.8.1':
    resolution: {integrity: sha512-W8A1QpstKYhg4e56s13L4ByQprQ1OXY3QFoNPIh6+4v/DEgqfhJ9ApU++e7zHQCQrhYjyQC/uWtxUcRqpyL/7Q==}
    cpu: [arm64]
    os: [win32]

  '@yuku-codegen/binding-win32-x64@0.8.1':
    resolution: {integrity: sha512-zH7g7pLjfl3uZaNvYzd1PnCerU9fvhS16B7Z0z4Ai0S/oaGI53Y2xh8ylFDvDvmquEP7vay4O/zuLgvZeEsxVA==}
    cpu: [x64]
    os: [win32]

  '@yuku-parser/binding-darwin-arm64@0.8.1':
    resolution: {integrity: sha512-iKQinrhsdxsGJ38msw4KaD7yotWw5N2nqMLeOPD+ttpZQKJc9nGL3VHMtISzCJ9Q09g0N3m91mYRFnIbXfhhig==}
    cpu: [arm64]
    os: [darwin]

  '@yuku-parser/binding-darwin-x64@0.8.1':
    resolution: {integrity: sha512-k7zt2H3sWbYzwTGAK2TT6ma18w1XpwFAWgmBHiaMGHVe63aArrtO+55r6g7chXJ4joB6lb8SxYFyRQ974xfawQ==}
    cpu: [x64]
    os: [darwin]

  '@yuku-parser/binding-freebsd-x64@0.8.1':
    resolution: {integrity: sha512-tQjrlkE/vYEBXZ+pM59FerIVD4Zfs2OpRvN3e8oo12pTcAbwTTxteZKWaedfUsZr+gKO4tLLAaFaFIwa5fQJFw==}
    cpu: [x64]
    os: [freebsd]

  '@yuku-parser/binding-linux-arm-gnu@0.8.1':
    resolution: {integrity: sha512-LZQgyer5d5i1f5oot+x6EhANXPD4FeCgz2CiSiWFSFBeG1U2m5jz65LD8gZwzy4CP4QVxQFyX9BazVRskTbwuQ==}
    cpu: [arm]
    os: [linux]
    libc: [glibc]

  '@yuku-parser/binding-linux-arm-musl@0.8.1':
    resolution: {integrity: sha512-69G1N4bPkygrus/ahtFxVdv9lzfvS65fuyMdDknn5BZU/gfFGBJyHeJ8UGgLPTyR3YptlJMuZhEkdgp6Qhfz2g==}
    cpu: [arm]
    os: [linux]
    libc: [musl]

  '@yuku-parser/binding-linux-arm64-gnu@0.8.1':
    resolution: {integrity: sha512-XL5+JpKCl1ghQTnZezy41NzmPdk4rZ6s0Z8qvGsgNPJ6yrSD7Ne8iz20SZZd/nW720qHiJy/ux62rwzZ+/clMg==}
    cpu: [arm64]
    os: [linux]
    libc: [glibc]

  '@yuku-parser/binding-linux-arm64-musl@0.8.1':
    resolution: {integrity: sha512-Rj290yfrWlrV4/+HrAuoeJXMHdoNubJWKdhg1QDa/mvqa8MUYFd4IHuVYjP/WdQzEgOAWGrLC48vcnge6U3jbg==}
    cpu: [arm64]
    os: [linux]
    libc: [musl]

  '@yuku-parser/binding-linux-x64-gnu@0.8.1':
    resolution: {integrity: sha512-d3IDkhAxiUTVuGI6BKIMKUyLe7ZxMY5yLqyvvTqJD1WPnE0eJTsLeRFRBv7/HXsnAzDs0IgvoG5bjvUkHZ5kSg==}
    cpu: [x64]
    os: [linux]
    libc: [glibc]

  '@yuku-parser/binding-linux-x64-musl@0.8.1':
    resolution: {integrity: sha512-Oyp+2gGYKK/AvN2ZoauRn1LGPdkjME5/TE/l4a9mT0JdNeiRTvno42383bt04MWnAZcYS4Hv7YsiFOXUBeLdpA==}
    cpu: [x64]
    os: [linux]
    libc: [musl]

  '@yuku-parser/binding-win32-arm64@0.8.1':
    resolution: {integrity: sha512-H77lYgICWRZycGmLaojzg0aSs3Z3v8SZWkcEjl1Ql3s+Km2SyiQcZ7RGq++Wh5nJxpiDJGAzYDC74XqMNm2ZHg==}
    cpu: [arm64]
    os: [win32]

  '@yuku-parser/binding-win32-x64@0.8.1':
    resolution: {integrity: sha512-ABniFzqYYn64NUEgmHTb6JxEzAlpmPu4cpMFjMBlR6cJXqL+vd7K1ae/yrt+NhUduHkJWJqG4lbHbV2yp9el3w==}
    cpu: [x64]
    os: [win32]

  '@yuku-toolchain/types@0.8.1':
    resolution: {integrity: sha512-HcGEV3kOn9evBTm2ARYOFNKAI7sY9twQozCVd9EVdlsBlnKi0a2iv8xXxYVHFCBQpX3SvvPXBhk8lcK6NUTdNg==}

  ansis@4.3.1:
    resolution: {integrity: sha512-BJ8/l4R5LRE7hW9WdSuGYrLSHi2ynxeFpDFbH0K/CgNeY/tyhk+vO6TYxXC5r5CpUhNVX310xzPsN/H9lCdfOA==}
    engines: {node: '>=14'}

  cac@7.0.0:
    resolution: {integrity: sha512-tixWYgm5ZoOD+3g6UTea91eow5z6AAHaho3g0V9CNSNb45gM8SmflpAc+GRd1InC4AqN/07Unrgp56Y94N9hJQ==}
    engines: {node: '>=20.19.0'}

  defu@6.1.7:
    resolution: {integrity: sha512-7z22QmUWiQ/2d0KkdYmANbRUVABpZ9SNYyH5vx6PZ+nE5bcC0l7uFvEfHlyld/HcGBFTL536ClDt3DEcSlEJAQ==}

  dts-resolver@3.0.0:
    resolution: {integrity: sha512-1T1f+z+4tl9XD+m+0HBgWoL/nm0bOIffyWaUuUSBlFg/86IWvfx+wjNaO/ybU0AJzG9/Mi5hBUgGV6zCmWEN7Q==}
    engines: {node: ^22.18.0 || >=24.0.0}
    peerDependencies:
      oxc-resolver: '>=11.0.0'
    peerDependenciesMeta:
      oxc-resolver:
        optional: true

  empathic@2.0.1:
    resolution: {integrity: sha512-YGRs8knHhKHVShLkFET/rWAU8kmHbOV5LwN938RHI0pljAJ1Gf6SzXsSmRaEzcXTtOOmVqJ5+WtQPL5uigY50Q==}
    engines: {node: '>=14'}

  esbuild@0.28.1:
    resolution: {integrity: sha512-HrJrvZv5ayxBzPfwphOoNzkzOIIlifzk0KJrGK2c8R4+LKpMtpYLQeUdjnwjWv/LZlkH2laZk+4w78pi99D4Vw==}
    engines: {node: '>=18'}
    hasBin: true

  fdir@6.5.0:
    resolution: {integrity: sha512-tIbYtZbucOs0BRGqPJkshJUYdL+SDH7dVM8gjy+ERp3WAUjLEFJE+02kanyHtwjWOnwrKYBiwAmM0p4kLJAnXg==}
    engines: {node: '>=12.0.0'}
    peerDependencies:
      picomatch: ^3 || ^4
    peerDependenciesMeta:
      picomatch:
        optional: true

  get-tsconfig@5.0.0-beta.5:
    resolution: {integrity: sha512-/6gFNr0N04nob252sTQxyFLi3eKFRqIg1I87YcqAMT1i6SQrSF6KujUEQrtrjMV0H/eejTCltLdDSTEMzHbnsQ==}
    engines: {node: '>=20.20.0'}

  hookable@6.1.1:
    resolution: {integrity: sha512-U9LYDy1CwhMCnprUfeAZWZGByVbhd54hwepegYTK7Pi5NvqEj63ifz5z+xukznehT7i6NIZRu89Ay1AZmRsLEQ==}

  husky@9.1.7:
    resolution: {integrity: sha512-5gs5ytaNjBrh5Ow3zrvdUUY+0VxIuWVL4i9irt6friV+BqdCfmV11CQTWMiBYWHbXhco+J1kHfTOUkePhCDvMA==}
    engines: {node: '>=18'}
    hasBin: true

  import-without-cache@0.4.0:
    resolution: {integrity: sha512-NkJQA7oZ4YHQhd2+H3BoRFKF3d/XNsiKpHZCQEMH9pDX27hQQLsTyOocyRgaIVtf8gHX3Nt3LPkR4e5EdtPAGQ==}
    engines: {node: ^22.18.0 || >=24.0.0}

  lint-staged@17.2.0:
    resolution: {integrity: sha512-FchGnFe4i4B1C/a35SPU9bNGPEHSC1+1iV0plLjzBmKVe9klZrlRfSgK6Cw4VeHyqOXbJUXP0vON61uRftNQ0A==}
    engines: {node: '>=22.22.1'}
    hasBin: true

  obug@2.1.4:
    resolution: {integrity: sha512-4a+OsYv9UktOJKE+l1A4OufDgdRF9PifWj+tJnHURo/P+WOxpG4GzUFL9qCalmWauao6ogiG+QvnCovwPoyAWA==}
    engines: {node: '>=12.20.0'}

  picomatch@4.0.5:
    resolution: {integrity: sha512-RvwwcruNjI1ncT5xRakeyS9Lf8lcItv34KD+aif+VH9kduAyfYBipGh12274xtenIPZ119/R9BdTBa8gAwSh0A==}
    engines: {node: '>=12'}

  prettier@3.9.6:
    resolution: {integrity: sha512-OpN0zzVdiaiAhxpuuj5efpIS4sY9j7bY6uR5mnj5yPzGkdkjNKSJeUThPb60Jw29QuAZgA4o+/iB49kFiaBX6g==}
    engines: {node: '>=14'}
    hasBin: true

  quansync@1.0.0:
    resolution: {integrity: sha512-5xZacEEufv3HSTPQuchrvV6soaiACMFnq1H8wkVioctoH3TRha9Sz66lOxRwPK/qZj7HPiSveih9yAyh98gvqA==}

  resolve-pkg-maps@1.0.0:
    resolution: {integrity: sha512-seS2Tj26TBVOC2NIc2rOe2y2ZO7efxITtLZcGSOnHHNOQ7CkiUBfw0Iw2ck6xkIhPwLhKNLS8BO+hEpngQlqzw==}

  rolldown-plugin-dts@0.27.14:
    resolution: {integrity: sha512-ZvuDDwoIpRK9RPxDXratCpklFO9QZZWndf/sd0VBFb4LEj0jj07UcHK9OCh7V4XiFz2Z89ziyBC2K6tJiDjrbw==}
    engines: {node: ^22.18.0 || >=24.11.0}
    peerDependencies:
      '@typescript/native-preview': '*'
      '@volar/typescript': ~2.4.0
      rolldown: ^1.0.0
      typescript: ^5.0.0 || ^6.0.0 || ~7.0.0
      vue-tsc: ~3.2.0 || ~3.3.0
    peerDependenciesMeta:
      '@typescript/native-preview':
        optional: true
      '@volar/typescript':
        optional: true
      typescript:
        optional: true
      vue-tsc:
        optional: true

  rolldown@1.0.0-rc.17:
    resolution: {integrity: sha512-ZrT53oAKrtA4+YtBWPQbtPOxIbVDbxT0orcYERKd63VJTF13zPcgXTvD4843L8pcsI7M6MErt8QtON6lrB9tyA==}
    engines: {node: ^20.19.0 || >=22.12.0}
    hasBin: true

  rolldown@1.2.1:
    resolution: {integrity: sha512-4FKJhg8d3OiyQOA6Q1Q0hoFFpW9/OoX+VsHzpECsdsIZoOArrAK90gl59YK/Z+gnDel45bgJZK03ozH/9bCqEw==}
    engines: {node: ^20.19.0 || >=22.12.0}
    hasBin: true

  string-argv@0.3.2:
    resolution: {integrity: sha512-aqD2Q0144Z+/RqG52NeHEkZauTAUWJO8c6yTftGJKO3Tja5tUgIfmIl6kExvhtxSDP7fXB6DvzkfMpCd/F3G+Q==}
    engines: {node: '>=0.6.19'}

  tinyexec@1.2.4:
    resolution: {integrity: sha512-SHf/r48b7vOrjve9PxJo3MN5v5yuyjHvdUcrQffT3WXMUfnGmHDVbC4k3sHJaJTgZCwpUplIaAo5ANtMyp3YHg==}
    engines: {node: '>=18'}

  tinyglobby@0.2.17:
    resolution: {integrity: sha512-wXR/dYpcqKmfWpEdZjiKJOwCNFndD0DMnrW/cYjVGttEkBfVgcLFHoNrlj47mjOVic9yyNu65alsgF4NQyTa2g==}
    engines: {node: '>=12.0.0'}

  tree-kill@1.2.2:
    resolution: {integrity: sha512-L0Orpi8qGpRG//Nd+H90vFB+3iHnue1zSSGmNOOCh1GLJ7rUKVwV2HvijphGQS2UmhUZewS9VgvxYIdgr+fG1A==}
    hasBin: true

  tsdown@0.22.14:
    resolution: {integrity: sha512-ule7Y+fsAN2iZbLDoo7C4KYljFJNJJ+fLshyn+9gozeTspVersWHxwdGB+Dm2hzA38s6muFnUTl0jK3vJm9ifQ==}
    engines: {node: ^22.18.0 || >=24.11.0}
    hasBin: true
    peerDependencies:
      '@arethetypeswrong/core': ^0.18.1
      '@tsdown/css': 0.22.14
      '@tsdown/exe': 0.22.14
      '@vitejs/devtools': '*'
      publint: ^0.3.8
      tsx: '*'
      typescript: ^5.0.0 || ^6.0.0 || ^7.0.0
      unplugin-unused: ^0.5.0
      unrun: '*'
    peerDependenciesMeta:
      '@arethetypeswrong/core':
        optional: true
      '@tsdown/css':
        optional: true
      '@tsdown/exe':
        optional: true
      '@vitejs/devtools':
        optional: true
      publint:
        optional: true
      tsx:
        optional: true
      typescript:
        optional: true
      unplugin-unused:
        optional: true
      unrun:
        optional: true

  tslib@2.8.1:
    resolution: {integrity: sha512-oJFu94HQb+KVduSUQL7wnpmqnfmLsOA/nAh6b6EH0wCEoK0/mPeXU6c3wKDV83MkOuHPRHtSXKKU99IBazS/2w==}

  typescript@6.0.3:
    resolution: {integrity: sha512-y2TvuxSZPDyQakkFRPZHKFm+KKVqIisdg9/CZwm9ftvKXLP8NRWj38/ODjNbr43SsoXqNuAisEf1GdCxqWcdBw==}
    engines: {node: '>=14.17'}
    hasBin: true

  unconfig-core@7.5.0:
    resolution: {integrity: sha512-Su3FauozOGP44ZmKdHy2oE6LPjk51M/TRRjHv2HNCWiDvfvCoxC2lno6jevMA91MYAdCdwP05QnWdWpSbncX/w==}

  undici-types@7.18.2:
    resolution: {integrity: sha512-AsuCzffGHJybSaRrmr5eHr81mwJU3kjw6M+uprWvCXiNeN9SOGwQ3Jn8jb8m3Z6izVgknn1R0FTCEAP2QrLY/w==}

  unrun@0.2.37:
    resolution: {integrity: sha512-AA7vDuYsgeSYVzJMm16UKA+aXFKhy7nFqW9z5l7q44K4ppFWZAMqYS58ePRZbugMLPH0fwwMzD5A8nP0avxwZQ==}
    engines: {node: '>=20.19.0'}
    hasBin: true
    peerDependencies:
      synckit: ^0.11.11
    peerDependenciesMeta:
      synckit:
        optional: true

  verkit@0.3.1:
    resolution: {integrity: sha512-w2Eo8LSIIoW7qxNBzT7/17k+bh8plXo7G3dHjEIDqPlnluhzaxr9JX8F28VSYEtDvc1/a3WBDih6xNUZseebXg==}
    engines: {node: '>=18.12.0'}

  yaml@2.9.0:
    resolution: {integrity: sha512-2AvhNX3mb8zd6Zy7INTtSpl1F15HW6Wnqj0srWlkKLcpYl/gMIMJiyuGq2KeI2YFxUPjdlB+3Lc10seMLtL4cA==}
    engines: {node: '>= 14.6'}
    hasBin: true

  yuku-ast@0.8.1:
    resolution: {integrity: sha512-+k1E2f08y0k1+vpdD1KUCzDh2JXvwirMa8YR2Jr7VCS4zAo3eT5A/HbJCqaVGd6idaPY0gwLM9C4seEY4h10Hw==}

  yuku-codegen@0.8.1:
    resolution: {integrity: sha512-/4Sbg9K9HpCe3PidmMbs9TzJ62gq3KmQY279TB0EGKdMoM8LfcmIg4E9wS2J/ylbFuQaWcYqf5dBKr8zubdlKA==}

  yuku-parser@0.8.1:
    resolution: {integrity: sha512-YvUz2jdFMIq0QjN8LmI32ox+RBCn3l8VToAXVQ5QFfLTxSxmGZS6JP80ptePEju+CpeTdINLmUm7Ewodzh1QnQ==}

snapshots:

  '@biomejs/biome@2.5.6':
    optionalDependencies:
      '@biomejs/cli-darwin-arm64': 2.5.6
      '@biomejs/cli-darwin-x64': 2.5.6
      '@biomejs/cli-linux-arm64': 2.5.6
      '@biomejs/cli-linux-arm64-musl': 2.5.6
      '@biomejs/cli-linux-x64': 2.5.6
      '@biomejs/cli-linux-x64-musl': 2.5.6
      '@biomejs/cli-win32-arm64': 2.5.6
      '@biomejs/cli-win32-x64': 2.5.6

  '@biomejs/cli-darwin-arm64@2.5.6':
    optional: true

  '@biomejs/cli-darwin-x64@2.5.6':
    optional: true

  '@biomejs/cli-linux-arm64-musl@2.5.6':
    optional: true

  '@biomejs/cli-linux-arm64@2.5.6':
    optional: true

  '@biomejs/cli-linux-x64-musl@2.5.6':
    optional: true

  '@biomejs/cli-linux-x64@2.5.6':
    optional: true

  '@biomejs/cli-win32-arm64@2.5.6':
    optional: true

  '@biomejs/cli-win32-x64@2.5.6':
    optional: true

  '@emnapi/core@1.10.0':
    dependencies:
      '@emnapi/wasi-threads': 1.2.1
      tslib: 2.8.1
    optional: true

  '@emnapi/core@2.0.0-alpha.3':
    dependencies:
      '@emnapi/wasi-threads': 2.0.1
      tslib: 2.8.1
    optional: true

  '@emnapi/runtime@1.10.0':
    dependencies:
      tslib: 2.8.1
    optional: true

  '@emnapi/runtime@2.0.0-alpha.3':
    dependencies:
      tslib: 2.8.1
    optional: true

  '@emnapi/wasi-threads@1.2.1':
    dependencies:
      tslib: 2.8.1
    optional: true

  '@emnapi/wasi-threads@2.0.1':
    dependencies:
      tslib: 2.8.1
    optional: true

  '@esbuild/aix-ppc64@0.28.1':
    optional: true

  '@esbuild/android-arm64@0.28.1':
    optional: true

  '@esbuild/android-arm@0.28.1':
    optional: true

  '@esbuild/android-x64@0.28.1':
    optional: true

  '@esbuild/darwin-arm64@0.28.1':
    optional: true

  '@esbuild/darwin-x64@0.28.1':
    optional: true

  '@esbuild/freebsd-arm64@0.28.1':
    optional: true

  '@esbuild/freebsd-x64@0.28.1':
    optional: true

  '@esbuild/linux-arm64@0.28.1':
    optional: true

  '@esbuild/linux-arm@0.28.1':
    optional: true

  '@esbuild/linux-ia32@0.28.1':
    optional: true

  '@esbuild/linux-loong64@0.28.1':
    optional: true

  '@esbuild/linux-mips64el@0.28.1':
    optional: true

  '@esbuild/linux-ppc64@0.28.1':
    optional: true

  '@esbuild/linux-riscv64@0.28.1':
    optional: true

  '@esbuild/linux-s390x@0.28.1':
    optional: true

  '@esbuild/linux-x64@0.28.1':
    optional: true

  '@esbuild/netbsd-arm64@0.28.1':
    optional: true

  '@esbuild/netbsd-x64@0.28.1':
    optional: true

  '@esbuild/openbsd-arm64@0.28.1':
    optional: true

  '@esbuild/openbsd-x64@0.28.1':
    optional: true

  '@esbuild/openharmony-arm64@0.28.1':
    optional: true

  '@esbuild/sunos-x64@0.28.1':
    optional: true

  '@esbuild/win32-arm64@0.28.1':
    optional: true

  '@esbuild/win32-ia32@0.28.1':
    optional: true

  '@esbuild/win32-x64@0.28.1':
    optional: true

  '@napi-rs/wasm-runtime@1.2.2(@emnapi/core@1.10.0)(@emnapi/runtime@1.10.0)':
    dependencies:
      '@emnapi/core': 1.10.0
      '@emnapi/runtime': 1.10.0
      '@tybys/wasm-util': 0.10.3
    optional: true

  '@napi-rs/wasm-runtime@1.2.2(@emnapi/core@2.0.0-alpha.3)(@emnapi/runtime@2.0.0-alpha.3)':
    dependencies:
      '@emnapi/core': 2.0.0-alpha.3
      '@emnapi/runtime': 2.0.0-alpha.3
      '@tybys/wasm-util': 0.10.3
    optional: true

  '@oxc-project/types@0.127.0':
    optional: true

  '@oxc-project/types@0.142.0': {}

  '@quansync/fs@1.0.0':
    dependencies:
      quansync: 1.0.0

  '@rolldown/binding-android-arm64@1.0.0-rc.17':
    optional: true

  '@rolldown/binding-android-arm64@1.2.1':
    optional: true

  '@rolldown/binding-darwin-arm64@1.0.0-rc.17':
    optional: true

  '@rolldown/binding-darwin-arm64@1.2.1':
    optional: true

  '@rolldown/binding-darwin-x64@1.0.0-rc.17':
    optional: true

  '@rolldown/binding-darwin-x64@1.2.1':
    optional: true

  '@rolldown/binding-freebsd-x64@1.0.0-rc.17':
    optional: true

  '@rolldown/binding-freebsd-x64@1.2.1':
    optional: true

  '@rolldown/binding-linux-arm-gnueabihf@1.0.0-rc.17':
    optional: true

  '@rolldown/binding-linux-arm-gnueabihf@1.2.1':
    optional: true

  '@rolldown/binding-linux-arm64-gnu@1.0.0-rc.17':
    optional: true

  '@rolldown/binding-linux-arm64-gnu@1.2.1':
    optional: true

  '@rolldown/binding-linux-arm64-musl@1.0.0-rc.17':
    optional: true

  '@rolldown/binding-linux-arm64-musl@1.2.1':
    optional: true

  '@rolldown/binding-linux-ppc64-gnu@1.0.0-rc.17':
    optional: true

  '@rolldown/binding-linux-ppc64-gnu@1.2.1':
    optional: true

  '@rolldown/binding-linux-s390x-gnu@1.0.0-rc.17':
    optional: true

  '@rolldown/binding-linux-s390x-gnu@1.2.1':
    optional: true

  '@rolldown/binding-linux-x64-gnu@1.0.0-rc.17':
    optional: true

  '@rolldown/binding-linux-x64-gnu@1.2.1':
    optional: true

  '@rolldown/binding-linux-x64-musl@1.0.0-rc.17':
    optional: true

  '@rolldown/binding-linux-x64-musl@1.2.1':
    optional: true

  '@rolldown/binding-openharmony-arm64@1.0.0-rc.17':
    optional: true

  '@rolldown/binding-openharmony-arm64@1.2.1':
    optional: true

  '@rolldown/binding-wasm32-wasi@1.0.0-rc.17':
    dependencies:
      '@emnapi/core': 1.10.0
      '@emnapi/runtime': 1.10.0
      '@napi-rs/wasm-runtime': 1.2.2(@emnapi/core@1.10.0)(@emnapi/runtime@1.10.0)
    optional: true

  '@rolldown/binding-wasm32-wasi@1.2.1':
    dependencies:
      '@emnapi/core': 2.0.0-alpha.3
      '@emnapi/runtime': 2.0.0-alpha.3
      '@napi-rs/wasm-runtime': 1.2.2(@emnapi/core@2.0.0-alpha.3)(@emnapi/runtime@2.0.0-alpha.3)
    optional: true

  '@rolldown/binding-win32-arm64-msvc@1.0.0-rc.17':
    optional: true

  '@rolldown/binding-win32-arm64-msvc@1.2.1':
    optional: true

  '@rolldown/binding-win32-x64-msvc@1.0.0-rc.17':
    optional: true

  '@rolldown/binding-win32-x64-msvc@1.2.1':
    optional: true

  '@rolldown/pluginutils@1.0.0-rc.17':
    optional: true

  '@rolldown/pluginutils@1.0.1': {}

  '@tybys/wasm-util@0.10.3':
    dependencies:
      tslib: 2.8.1
    optional: true

  '@types/node@24.13.3':
    dependencies:
      undici-types: 7.18.2

  '@yuku-codegen/binding-darwin-arm64@0.8.1':
    optional: true

  '@yuku-codegen/binding-darwin-x64@0.8.1':
    optional: true

  '@yuku-codegen/binding-freebsd-x64@0.8.1':
    optional: true

  '@yuku-codegen/binding-linux-arm-gnu@0.8.1':
    optional: true

  '@yuku-codegen/binding-linux-arm-musl@0.8.1':
    optional: true

  '@yuku-codegen/binding-linux-arm64-gnu@0.8.1':
    optional: true

  '@yuku-codegen/binding-linux-arm64-musl@0.8.1':
    optional: true

  '@yuku-codegen/binding-linux-x64-gnu@0.8.1':
    optional: true

  '@yuku-codegen/binding-linux-x64-musl@0.8.1':
    optional: true

  '@yuku-codegen/binding-win32-arm64@0.8.1':
    optional: true

  '@yuku-codegen/binding-win32-x64@0.8.1':
    optional: true

  '@yuku-parser/binding-darwin-arm64@0.8.1':
    optional: true

  '@yuku-parser/binding-darwin-x64@0.8.1':
    optional: true

  '@yuku-parser/binding-freebsd-x64@0.8.1':
    optional: true

  '@yuku-parser/binding-linux-arm-gnu@0.8.1':
    optional: true

  '@yuku-parser/binding-linux-arm-musl@0.8.1':
    optional: true

  '@yuku-parser/binding-linux-arm64-gnu@0.8.1':
    optional: true

  '@yuku-parser/binding-linux-arm64-musl@0.8.1':
    optional: true

  '@yuku-parser/binding-linux-x64-gnu@0.8.1':
    optional: true

  '@yuku-parser/binding-linux-x64-musl@0.8.1':
    optional: true

  '@yuku-parser/binding-win32-arm64@0.8.1':
    optional: true

  '@yuku-parser/binding-win32-x64@0.8.1':
    optional: true

  '@yuku-toolchain/types@0.8.1': {}

  ansis@4.3.1: {}

  cac@7.0.0: {}

  defu@6.1.7: {}

  dts-resolver@3.0.0: {}

  empathic@2.0.1: {}

  esbuild@0.28.1:
    optionalDependencies:
      '@esbuild/aix-ppc64': 0.28.1
      '@esbuild/android-arm': 0.28.1
      '@esbuild/android-arm64': 0.28.1
      '@esbuild/android-x64': 0.28.1
      '@esbuild/darwin-arm64': 0.28.1
      '@esbuild/darwin-x64': 0.28.1
      '@esbuild/freebsd-arm64': 0.28.1
      '@esbuild/freebsd-x64': 0.28.1
      '@esbuild/linux-arm': 0.28.1
      '@esbuild/linux-arm64': 0.28.1
      '@esbuild/linux-ia32': 0.28.1
      '@esbuild/linux-loong64': 0.28.1
      '@esbuild/linux-mips64el': 0.28.1
      '@esbuild/linux-ppc64': 0.28.1
      '@esbuild/linux-riscv64': 0.28.1
      '@esbuild/linux-s390x': 0.28.1
      '@esbuild/linux-x64': 0.28.1
      '@esbuild/netbsd-arm64': 0.28.1
      '@esbuild/netbsd-x64': 0.28.1
      '@esbuild/openbsd-arm64': 0.28.1
      '@esbuild/openbsd-x64': 0.28.1
      '@esbuild/openharmony-arm64': 0.28.1
      '@esbuild/sunos-x64': 0.28.1
      '@esbuild/win32-arm64': 0.28.1
      '@esbuild/win32-ia32': 0.28.1
      '@esbuild/win32-x64': 0.28.1

  fdir@6.5.0(picomatch@4.0.5):
    optionalDependencies:
      picomatch: 4.0.5

  get-tsconfig@5.0.0-beta.5:
    dependencies:
      resolve-pkg-maps: 1.0.0

  hookable@6.1.1: {}

  husky@9.1.7: {}

  import-without-cache@0.4.0: {}

  lint-staged@17.2.0:
    dependencies:
      picomatch: 4.0.5
      string-argv: 0.3.2
      tinyexec: 1.2.4
    optionalDependencies:
      yaml: 2.9.0

  obug@2.1.4: {}

  picomatch@4.0.5: {}

  prettier@3.9.6: {}

  quansync@1.0.0: {}

  resolve-pkg-maps@1.0.0: {}

  rolldown-plugin-dts@0.27.14(rolldown@1.2.1)(typescript@6.0.3):
    dependencies:
      dts-resolver: 3.0.0
      get-tsconfig: 5.0.0-beta.5
      obug: 2.1.4
      rolldown: 1.2.1
      yuku-ast: 0.8.1
      yuku-codegen: 0.8.1
      yuku-parser: 0.8.1
    optionalDependencies:
      typescript: 6.0.3
    transitivePeerDependencies:
      - oxc-resolver

  rolldown@1.0.0-rc.17:
    dependencies:
      '@oxc-project/types': 0.127.0
      '@rolldown/pluginutils': 1.0.0-rc.17
    optionalDependencies:
      '@rolldown/binding-android-arm64': 1.0.0-rc.17
      '@rolldown/binding-darwin-arm64': 1.0.0-rc.17
      '@rolldown/binding-darwin-x64': 1.0.0-rc.17
      '@rolldown/binding-freebsd-x64': 1.0.0-rc.17
      '@rolldown/binding-linux-arm-gnueabihf': 1.0.0-rc.17
      '@rolldown/binding-linux-arm64-gnu': 1.0.0-rc.17
      '@rolldown/binding-linux-arm64-musl': 1.0.0-rc.17
      '@rolldown/binding-linux-ppc64-gnu': 1.0.0-rc.17
      '@rolldown/binding-linux-s390x-gnu': 1.0.0-rc.17
      '@rolldown/binding-linux-x64-gnu': 1.0.0-rc.17
      '@rolldown/binding-linux-x64-musl': 1.0.0-rc.17
      '@rolldown/binding-openharmony-arm64': 1.0.0-rc.17
      '@rolldown/binding-wasm32-wasi': 1.0.0-rc.17
      '@rolldown/binding-win32-arm64-msvc': 1.0.0-rc.17
      '@rolldown/binding-win32-x64-msvc': 1.0.0-rc.17
    optional: true

  rolldown@1.2.1:
    dependencies:
      '@oxc-project/types': 0.142.0
      '@rolldown/pluginutils': 1.0.1
    optionalDependencies:
      '@rolldown/binding-android-arm64': 1.2.1
      '@rolldown/binding-darwin-arm64': 1.2.1
      '@rolldown/binding-darwin-x64': 1.2.1
      '@rolldown/binding-freebsd-x64': 1.2.1
      '@rolldown/binding-linux-arm-gnueabihf': 1.2.1
      '@rolldown/binding-linux-arm64-gnu': 1.2.1
      '@rolldown/binding-linux-arm64-musl': 1.2.1
      '@rolldown/binding-linux-ppc64-gnu': 1.2.1
      '@rolldown/binding-linux-s390x-gnu': 1.2.1
      '@rolldown/binding-linux-x64-gnu': 1.2.1
      '@rolldown/binding-linux-x64-musl': 1.2.1
      '@rolldown/binding-openharmony-arm64': 1.2.1
      '@rolldown/binding-wasm32-wasi': 1.2.1
      '@rolldown/binding-win32-arm64-msvc': 1.2.1
      '@rolldown/binding-win32-x64-msvc': 1.2.1

  string-argv@0.3.2: {}

  tinyexec@1.2.4: {}

  tinyglobby@0.2.17:
    dependencies:
      fdir: 6.5.0(picomatch@4.0.5)
      picomatch: 4.0.5

  tree-kill@1.2.2: {}

  tsdown@0.22.14(typescript@6.0.3)(unrun@0.2.37):
    dependencies:
      ansis: 4.3.1
      cac: 7.0.0
      defu: 6.1.7
      empathic: 2.0.1
      hookable: 6.1.1
      import-without-cache: 0.4.0
      obug: 2.1.4
      picomatch: 4.0.5
      rolldown: 1.2.1
      rolldown-plugin-dts: 0.27.14(rolldown@1.2.1)(typescript@6.0.3)
      tinyexec: 1.2.4
      tinyglobby: 0.2.17
      tree-kill: 1.2.2
      unconfig-core: 7.5.0
      verkit: 0.3.1
    optionalDependencies:
      typescript: 6.0.3
      unrun: 0.2.37
    transitivePeerDependencies:
      - '@typescript/native-preview'
      - '@volar/typescript'
      - oxc-resolver
      - vue-tsc

  tslib@2.8.1:
    optional: true

  typescript@6.0.3: {}

  unconfig-core@7.5.0:
    dependencies:
      '@quansync/fs': 1.0.0
      quansync: 1.0.0

  undici-types@7.18.2: {}

  unrun@0.2.37:
    dependencies:
      rolldown: 1.0.0-rc.17
    optional: true

  verkit@0.3.1: {}

  yaml@2.9.0:
    optional: true

  yuku-ast@0.8.1:
    dependencies:
      '@yuku-toolchain/types': 0.8.1

  yuku-codegen@0.8.1:
    dependencies:
      '@yuku-toolchain/types': 0.8.1
    optionalDependencies:
      '@yuku-codegen/binding-darwin-arm64': 0.8.1
      '@yuku-codegen/binding-darwin-x64': 0.8.1
      '@yuku-codegen/binding-freebsd-x64': 0.8.1
      '@yuku-codegen/binding-linux-arm-gnu': 0.8.1
      '@yuku-codegen/binding-linux-arm-musl': 0.8.1
      '@yuku-codegen/binding-linux-arm64-gnu': 0.8.1
      '@yuku-codegen/binding-linux-arm64-musl': 0.8.1
      '@yuku-codegen/binding-linux-x64-gnu': 0.8.1
      '@yuku-codegen/binding-linux-x64-musl': 0.8.1
      '@yuku-codegen/binding-win32-arm64': 0.8.1
      '@yuku-codegen/binding-win32-x64': 0.8.1

  yuku-parser@0.8.1:
    dependencies:
      '@yuku-toolchain/types': 0.8.1
      yuku-ast: 0.8.1
    optionalDependencies:
      '@yuku-parser/binding-darwin-arm64': 0.8.1
      '@yuku-parser/binding-darwin-x64': 0.8.1
      '@yuku-parser/binding-freebsd-x64': 0.8.1
      '@yuku-parser/binding-linux-arm-gnu': 0.8.1
      '@yuku-parser/binding-linux-arm-musl': 0.8.1
      '@yuku-parser/binding-linux-arm64-gnu': 0.8.1
      '@yuku-parser/binding-linux-arm64-musl': 0.8.1
      '@yuku-parser/binding-linux-x64-gnu': 0.8.1
      '@yuku-parser/binding-linux-x64-musl': 0.8.1
      '@yuku-parser/binding-win32-arm64': 0.8.1
      '@yuku-parser/binding-win32-x64': 0.8.1
